
Microsoft Visual Studio Solution File, Format Version 12.00
# Visual Studio Version 17
VisualStudioVersion = 17.0.31903.59
MinimumVisualStudioVersion = 10.0.40219.1
Project("{9A19103F-16F7-4668-BE54-9A1E7A4F7556}") = "EShopApi", "EShopApi\EShopApi.csproj", "{EDB1BC33-A48D-4B9A-827D-8A804F2F8E34}"
EndProject
Project("{FAE04EC0-301F-11D3-BF4B-00C04F79EFBC}") = "WebClient", "WebClient\WebClient.csproj", "{8381034C-BCAB-46B6-99D0-5B63A74D1F39}"
EndProject
Global
	GlobalSection(SolutionConfigurationPlatforms) = preSolution
		Debug|Any CPU = Debug|Any CPU
		Release|Any CPU = Release|Any CPU
	EndGlobalSection
	GlobalSection(ProjectConfigurationPlatforms) = postSolution
		{EDB1BC33-A48D-4B9A-827D-8A804F2F8E34}.Debug|Any CPU.ActiveCfg = Debug|Any CPU
		{EDB1BC33-A48D-4B9A-827D-8A804F2F8E34}.Debug|Any CPU.Build.0 = Debug|Any CPU
		{EDB1BC33-A48D-4B9A-827D-8A804F2F8E34}.Release|Any CPU.ActiveCfg = Release|Any CPU
		{EDB1BC33-A48D-4B9A-827D-8A804F2F8E34}.Release|Any CPU.Build.0 = Release|Any CPU
		{8381034C-BCAB-46B6-99D0-5B63A74D1F39}.Debug|Any CPU.ActiveCfg = Debug|Any CPU
		{8381034C-BCAB-46B6-99D0-5B63A74D1F39}.Debug|Any CPU.Build.0 = Debug|Any CPU
		{8381034C-BCAB-46B6-99D0-5B63A74D1F39}.Release|Any CPU.ActiveCfg = Release|Any CPU
		{8381034C-BCAB-46B6-99D0-5B63A74D1F39}.Release|Any CPU.Build.0 = Release|Any CPU
	EndGlobalSection
	GlobalSection(SolutionProperties) = preSolution
		HideSolutionNode = FALSE
	EndGlobalSection
	GlobalSection(ExtensibilityGlobals) = postSolution
		SolutionGuid = {2B7CFF2B-1BD9-4B95-A646-48D1BC9FBE4D}
	EndGlobalSection
EndGlobal
